
Microsoft Visual Studio Solution File, Format Version 12.00
# Visual Studio Version 17
VisualStudioVersion = 17.0.31903.59
MinimumVisualStudioVersion = 10.0.40219.1
Project("{2150E333-8FDC-42A3-9474-1A3956D46DE8}") = "src", "src", "{F614E9A0-3C85-40EE-8442-D7F8A01084F5}"
EndProject
Project("{FAE04EC0-301F-11D3-BF4B-00C04F79EFBC}") = "DotNetApp", "src\DotNetApp\DotNetApp.csproj", "{F3A17733-6180-4F95-9E99-C609A4A72187}"
EndProject
Project("{2150E333-8FDC-42A3-9474-1A3956D46DE8}") = "tests", "tests", "{400AB986-5EE1-41BB-B8E9-403A18208D5B}"
EndProject
Project("{FAE04EC0-301F-11D3-BF4B-00C04F79EFBC}") = "DotNetApp.Tests", "tests\DotNetApp.Tests\DotNetApp.Tests.csproj", "{1560388A-1198-42B6-83C6-9BFB6ADE2732}"
EndProject
Global
	GlobalSection(SolutionConfigurationPlatforms) = preSolution
		Debug|Any CPU = Debug|Any CPU
		Release|Any CPU = Release|Any CPU
	EndGlobalSection
	GlobalSection(SolutionProperties) = preSolution
		HideSolutionNode = FALSE
	EndGlobalSection
	GlobalSection(ProjectConfigurationPlatforms) = postSolution
		{F3A17733-6180-4F95-9E99-C609A4A72187}.Debug|Any CPU.ActiveCfg = Debug|Any CPU
		{F3A17733-6180-4F95-9E99-C609A4A72187}.Debug|Any CPU.Build.0 = Debug|Any CPU
		{F3A17733-6180-4F95-9E99-C609A4A72187}.Release|Any CPU.ActiveCfg = Release|Any CPU
		{F3A17733-6180-4F95-9E99-C609A4A72187}.Release|Any CPU.Build.0 = Release|Any CPU
		{1560388A-1198-42B6-83C6-9BFB6ADE2732}.Debug|Any CPU.ActiveCfg = Debug|Any CPU
		{1560388A-1198-42B6-83C6-9BFB6ADE2732}.Debug|Any CPU.Build.0 = Debug|Any CPU
		{1560388A-1198-42B6-83C6-9BFB6ADE2732}.Release|Any CPU.ActiveCfg = Release|Any CPU
		{1560388A-1198-42B6-83C6-9BFB6ADE2732}.Release|Any CPU.Build.0 = Release|Any CPU
	EndGlobalSection
	GlobalSection(NestedProjects) = preSolution
		{F3A17733-6180-4F95-9E99-C609A4A72187} = {F614E9A0-3C85-40EE-8442-D7F8A01084F5}
		{1560388A-1198-42B6-83C6-9BFB6ADE2732} = {400AB986-5EE1-41BB-B8E9-403A18208D5B}
	EndGlobalSection
EndGlobal
